# THIS IS AN AUTOGENERATED FILE. DO NOT EDIT THIS FILE DIRECTLY.
# yarn lockfile v1


"@babel/runtime@^7.27.6":
  version "7.28.3"
  resolved "https://registry.yarnpkg.com/@babel/runtime/-/runtime-7.28.3.tgz#75c5034b55ba868121668be5d5bb31cc64e6e61a"
  integrity sha512-9uIQ10o0WGdpP6GDhXcdOJPJuDgFtIDtN/9+ArJQ2NAfAmiuhTQdzkaTGR33v43GYS2UrSA0eX2pPPHoFVvpxA==

html-parse-stringify@^3.0.1:
  version "3.0.1"
  resolved "https://registry.yarnpkg.com/html-parse-stringify/-/html-parse-stringify-3.0.1.tgz#dfc1017347ce9f77c8141a507f233040c59c55d2"
  integrity sha512-KknJ50kTInJ7qIScF3jeaFRpMpE8/lfiTdzf/twXyPBLAGrLRTmkz3AdTnKeh40X8k9L2fdYwEp/42WGXIRGcg==
  dependencies:
    void-elements "3.1.0"

i18next@^25.4.2:
  version "25.4.2"
  resolved "https://registry.yarnpkg.com/i18next/-/i18next-25.4.2.tgz#97a2c65d6c633b768b95055928c2f6086a672f08"
  integrity sha512-gD4T25a6ovNXsfXY1TwHXXXLnD/K2t99jyYMCSimSCBnBRJVQr5j+VAaU83RJCPzrTGhVQ6dqIga66xO2rtd5g==
  dependencies:
    "@babel/runtime" "^7.27.6"

react-i18next@^15.7.3:
  version "15.7.3"
  resolved "https://registry.yarnpkg.com/react-i18next/-/react-i18next-15.7.3.tgz#2eba235247dff0cbf9f0338e2ab85e10e127aa54"
  integrity sha512-AANws4tOE+QSq/IeMF/ncoHlMNZaVLxpa5uUGW1wjike68elVYr0018L9xYoqBr1OFO7G7boDPrbn0HpMCJxTw==
  dependencies:
    "@babel/runtime" "^7.27.6"
    html-parse-stringify "^3.0.1"

react-native-localize@^3.5.2:
  version "3.5.2"
  resolved "https://registry.yarnpkg.com/react-native-localize/-/react-native-localize-3.5.2.tgz#7fcf3e1086ff3c6389359ffed28f6d0947d076f4"
  integrity sha512-HfQdwv5sRjh4AQ8a97OTjXYcxPNRlBxiQb861c7Ob6mRuNYCPtaJ45QTcZxZr31vAM3THvtOBp1soqWlQFxjnA==

void-elements@3.1.0:
  version "3.1.0"
  resolved "https://registry.yarnpkg.com/void-elements/-/void-elements-3.1.0.tgz#614f7fbf8d801f0bb5f0661f5b2f5785750e4f09"
  integrity sha512-Dhxzh5HZuiHQhbvTW9AMetFfBHDMYpo23Uo9btPXgdYP+3T5S+p+jgNy7spra+veYhBP2dCSgxR/i2Y02h5/6w==
